{
    "name": "@roundtables/awsmfa",
    "version": "1.4.0",
    "lockfileVersion": 1,
    "requires": true,
    "dependencies": {
        "@roundtables/whocalled": {
            "version": "1.0.6",
            "resolved": "https://registry.npmjs.org/@roundtables/whocalled/-/whocalled-1.0.6.tgz",
            "integrity": "sha512-ZKH4QGXJbHaTq5FS2uP6BTj658lNkUWhCBX/aUmf4dJtcOfm+HX0OjExfnpTJgmW2gtcHgkvJKiN9aLEtds1kQ=="
        },
        "@types/color-name": {
            "version": "1.1.1",
            "resolved": "https://registry.npmjs.org/@types/color-name/-/color-name-1.1.1.tgz",
            "integrity": "sha512-rr+OQyAjxze7GgWrSaJwydHStIhHq2lvY3BOC2Mj7KnzI7XK0Uw1TOOdI9lDoajEbSWLiYgoo4f1R51erQfhPQ=="
        },
        "@types/node": {
            "version": "12.12.38",
            "resolved": "https://registry.npmjs.org/@types/node/-/node-12.12.38.tgz",
            "integrity": "sha512-75eLjX0pFuTcUXnnWmALMzzkYorjND0ezNEycaKesbUBg9eGZp4GHPuDmkRc4mQQvIpe29zrzATNRA6hkYqwmA==",
            "dev": true
        },
        "ansi-colors": {
            "version": "3.2.4",
            "resolved": "https://registry.npmjs.org/ansi-colors/-/ansi-colors-3.2.4.tgz",
            "integrity": "sha512-hHUXGagefjN2iRrID63xckIvotOXOojhQKWIPUZ4mNUZ9nLZW+7FMNoE1lOkEhNWYsx/7ysGIuJYCiMAA9FnrA=="
        },
        "ansi-styles": {
            "version": "4.2.1",
            "resolved": "https://registry.npmjs.org/ansi-styles/-/ansi-styles-4.2.1.tgz",
            "integrity": "sha512-9VGjrMsG1vePxcSweQsN20KY/c4zN0h9fLjqAbwbPfahM3t+NL+M9HC8xeXG2I8pX5NoamTGNuomEUFI7fcUjA==",
            "requires": {
                "@types/color-name": "^1.1.1",
                "color-convert": "^2.0.1"
            }
        },
        "aws-sdk": {
            "version": "2.673.0",
            "resolved": "https://registry.npmjs.org/aws-sdk/-/aws-sdk-2.673.0.tgz",
            "integrity": "sha512-OoEPqTLmA5+4uSFf/k4ZLb8cEdx+CwlzovqGf6/gKvb8VrUxe5B5/d2RGlGM777Ke9TmuFhJtTIDugpgc2jo/Q==",
            "requires": {
                "buffer": "4.9.1",
                "events": "1.1.1",
                "ieee754": "1.1.13",
                "jmespath": "0.15.0",
                "querystring": "0.2.0",
                "sax": "1.2.1",
                "url": "0.10.3",
                "uuid": "3.3.2",
                "xml2js": "0.4.19"
            }
        },
        "base64-js": {
            "version": "1.3.1",
            "resolved": "https://registry.npmjs.org/base64-js/-/base64-js-1.3.1.tgz",
            "integrity": "sha512-mLQ4i2QO1ytvGWFWmcngKO//JXAQueZvwEKtjgQFM4jIK0kU+ytMfplL8j+n5mspOfjHwoAg+9yhb7BwAHm36g=="
        },
        "buffer": {
            "version": "4.9.1",
            "resolved": "https://registry.npmjs.org/buffer/-/buffer-4.9.1.tgz",
            "integrity": "sha1-bRu2AbB6TvztlwlBMgkwJ8lbwpg=",
            "requires": {
                "base64-js": "^1.0.2",
                "ieee754": "^1.1.4",
                "isarray": "^1.0.0"
            }
        },
        "chalk": {
            "version": "4.0.0",
            "resolved": "https://registry.npmjs.org/chalk/-/chalk-4.0.0.tgz",
            "integrity": "sha512-N9oWFcegS0sFr9oh1oz2d7Npos6vNoWW9HvtCg5N1KRFpUhaAhvTv5Y58g880fZaEYSNm3qDz8SU1UrGvp+n7A==",
            "requires": {
                "ansi-styles": "^4.1.0",
                "supports-color": "^7.1.0"
            }
        },
        "color-convert": {
            "version": "2.0.1",
            "resolved": "https://registry.npmjs.org/color-convert/-/color-convert-2.0.1.tgz",
            "integrity": "sha512-RRECPsj7iu/xb5oKYcsFHSppFNnsj/52OVTRKb4zP5onXwVF3zVmmToNcOfGC+CRDpfK/U584fMg38ZHCaElKQ==",
            "requires": {
                "color-name": "~1.1.4"
            }
        },
        "color-name": {
            "version": "1.1.4",
            "resolved": "https://registry.npmjs.org/color-name/-/color-name-1.1.4.tgz",
            "integrity": "sha512-dOy+3AuW3a2wNbZHIuMZpTcgjGuLU/uBL/ubcZF9OXbDo8ff4O8yVp5Bf0efS8uEoYo5q4Fx7dY9OgQGXgAsQA=="
        },
        "docopt": {
            "version": "0.6.2",
            "resolved": "https://registry.npmjs.org/docopt/-/docopt-0.6.2.tgz",
            "integrity": "sha1-so6eIiDaXsSffqW7JKR3h0Be6xE="
        },
        "enquirer": {
            "version": "2.3.5",
            "resolved": "https://registry.npmjs.org/enquirer/-/enquirer-2.3.5.tgz",
            "integrity": "sha512-BNT1C08P9XD0vNg3J475yIUG+mVdp9T6towYFHUv897X0KoHBjB1shyrNmhmtHWKP17iSWgo7Gqh7BBuzLZMSA==",
            "requires": {
                "ansi-colors": "^3.2.1"
            }
        },
        "esm": {
            "version": "3.2.25",
            "resolved": "https://registry.npmjs.org/esm/-/esm-3.2.25.tgz",
            "integrity": "sha512-U1suiZ2oDVWv4zPO56S0NcR5QriEahGtdN2OR6FiOG4WJvcjBVFB0qI4+eKoWFH483PKGuLuu6V8Z4T5g63UVA=="
        },
        "events": {
            "version": "1.1.1",
            "resolved": "https://registry.npmjs.org/events/-/events-1.1.1.tgz",
            "integrity": "sha1-nr23Y1rQmccNzEwqH1AEKI6L2SQ="
        },
        "has-flag": {
            "version": "4.0.0",
            "resolved": "https://registry.npmjs.org/has-flag/-/has-flag-4.0.0.tgz",
            "integrity": "sha512-EykJT/Q1KjTWctppgIAgfSO0tKVuZUjhgMr17kqTumMl6Afv3EISleU7qZUzoXDFTAHTDC4NOoG/ZxU3EvlMPQ=="
        },
        "ieee754": {
            "version": "1.1.13",
            "resolved": "https://registry.npmjs.org/ieee754/-/ieee754-1.1.13.tgz",
            "integrity": "sha512-4vf7I2LYV/HaWerSo3XmlMkp5eZ83i+/CDluXi/IGTs/O1sejBNhTtnxzmRZfvOUqj7lZjqHkeTvpgSFDlWZTg=="
        },
        "ini": {
            "version": "1.3.6",
            "resolved": "https://registry.npmjs.org/ini/-/ini-1.3.6.tgz",
            "integrity": "sha512-IZUoxEjNjubzrmvzZU4lKP7OnYmX72XRl3sqkfJhBKweKi5rnGi5+IUdlj/H1M+Ip5JQ1WzaDMOBRY90Ajc5jg=="
        },
        "isarray": {
            "version": "1.0.0",
            "resolved": "https://registry.npmjs.org/isarray/-/isarray-1.0.0.tgz",
            "integrity": "sha1-u5NdSFgsuhaMBoNJV6VKPgcSTxE="
        },
        "jmespath": {
            "version": "0.15.0",
            "resolved": "https://registry.npmjs.org/jmespath/-/jmespath-0.15.0.tgz",
            "integrity": "sha1-o/Iiqarp+Wb10nx5ZRDigJF2Qhc="
        },
        "punycode": {
            "version": "1.3.2",
            "resolved": "https://registry.npmjs.org/punycode/-/punycode-1.3.2.tgz",
            "integrity": "sha1-llOgNvt8HuQjQvIyXM7v6jkmxI0="
        },
        "querystring": {
            "version": "0.2.0",
            "resolved": "https://registry.npmjs.org/querystring/-/querystring-0.2.0.tgz",
            "integrity": "sha1-sgmEkgO7Jd+CDadW50cAWHhSFiA="
        },
        "sax": {
            "version": "1.2.1",
            "resolved": "https://registry.npmjs.org/sax/-/sax-1.2.1.tgz",
            "integrity": "sha1-e45lYZCyKOgaZq6nSEgNgozS03o="
        },
        "supports-color": {
            "version": "7.1.0",
            "resolved": "https://registry.npmjs.org/supports-color/-/supports-color-7.1.0.tgz",
            "integrity": "sha512-oRSIpR8pxT1Wr2FquTNnGet79b3BWljqOuoW/h4oBhxJ/HUbX5nX6JSruTkvXDCFMwDPvsaTTbvMLKZWSy0R5g==",
            "requires": {
                "has-flag": "^4.0.0"
            }
        },
        "typescript": {
            "version": "3.8.3",
            "resolved": "https://registry.npmjs.org/typescript/-/typescript-3.8.3.tgz",
            "integrity": "sha512-MYlEfn5VrLNsgudQTVJeNaQFUAI7DkhnOjdpAp4T+ku1TfQClewlbSuTVHiA+8skNBgaf02TL/kLOvig4y3G8w==",
            "dev": true
        },
        "url": {
            "version": "0.10.3",
            "resolved": "https://registry.npmjs.org/url/-/url-0.10.3.tgz",
            "integrity": "sha1-Ah5NnHcF8hu/N9A861h2dAJ3TGQ=",
            "requires": {
                "punycode": "1.3.2",
                "querystring": "0.2.0"
            }
        },
        "uuid": {
            "version": "3.3.2",
            "resolved": "https://registry.npmjs.org/uuid/-/uuid-3.3.2.tgz",
            "integrity": "sha512-yXJmeNaw3DnnKAOKJE51sL/ZaYfWJRl1pK9dr19YFCu0ObS231AB1/LbqTKRAQ5kw8A90rA6fr4riOUpTZvQZA=="
        },
        "xml2js": {
            "version": "0.4.19",
            "resolved": "https://registry.npmjs.org/xml2js/-/xml2js-0.4.19.tgz",
            "integrity": "sha512-esZnJZJOiJR9wWKMyuvSE1y6Dq5LCuJanqhxslH2bxM6duahNZ+HMpCLhBQGZkbX6xRf8x1Y2eJlgt2q3qo49Q==",
            "requires": {
                "sax": ">=0.6.0",
                "xmlbuilder": "~9.0.1"
            }
        },
        "xmlbuilder": {
            "version": "9.0.7",
            "resolved": "https://registry.npmjs.org/xmlbuilder/-/xmlbuilder-9.0.7.tgz",
            "integrity": "sha1-Ey7mPS7FVlxVfiD0wi35rKaGsQ0="
        }
    }
}
